
Microsoft Visual Studio Solution File, Format Version 12.00
# Visual Studio 15
VisualStudioVersion = 15.0.26730.12
MinimumVisualStudioVersion = 10.0.40219.1
Project("{FAE04EC0-301F-11D3-BF4B-00C04F79EFBC}") = "FaceDetect", "Test1\FaceDetect.csproj", "{8B81C600-9DD8-4935-BF5F-D3A58E2BA6A3}"
EndProject
Global
	GlobalSection(SolutionConfigurationPlatforms) = preSolution
		Debug|Any CPU = Debug|Any CPU
		Release|Any CPU = Release|Any CPU
	EndGlobalSection
	GlobalSection(ProjectConfigurationPlatforms) = postSolution
		{8B81C600-9DD8-4935-BF5F-D3A58E2BA6A3}.Debug|Any CPU.ActiveCfg = Debug|Any CPU
		{8B81C600-9DD8-4935-BF5F-D3A58E2BA6A3}.Debug|Any CPU.Build.0 = Debug|Any CPU
		{8B81C600-9DD8-4935-BF5F-D3A58E2BA6A3}.Release|Any CPU.ActiveCfg = Release|Any CPU
		{8B81C600-9DD8-4935-BF5F-D3A58E2BA6A3}.Release|Any CPU.Build.0 = Release|Any CPU
	EndGlobalSection
	GlobalSection(SolutionProperties) = preSolution
		HideSolutionNode = FALSE
	EndGlobalSection
	GlobalSection(ExtensibilityGlobals) = postSolution
		SolutionGuid = {3C36BAB8-3FBD-464B-A4EE-541D7109789A}
	EndGlobalSection
EndGlobal
